// !$*UTF8*$!
{
	archiveVersion = 1;
	classes = {
	};
	objectVersion = 46;
	objects = {

/* Begin PBXBuildFile section */
		BD1A31531BC3472A00A791B9 /* CreateEventViewController.swift in Sources */ = {isa = PBXBuildFile; fileRef = BD1A31521BC3472A00A791B9 /* CreateEventViewController.swift */; settings = {ASSET_TAGS = (); }; };
		BDAA3B541BC420A500465A2B /* DateTableViewController.swift in Sources */ = {isa = PBXBuildFile; fileRef = BDAA3B531BC420A500465A2B /* DateTableViewController.swift */; settings = {ASSET_TAGS = (); }; };
		BDAA3B561BC4609300465A2B /* AddPlayersTableViewController.swift in Sources */ = {isa = PBXBuildFile; fileRef = BDAA3B551BC4609300465A2B /* AddPlayersTableViewController.swift */; settings = {ASSET_TAGS = (); }; };
		BDAA3B581BC460D300465A2B /* PlayerCell.swift in Sources */ = {isa = PBXBuildFile; fileRef = BDAA3B571BC460D300465A2B /* PlayerCell.swift */; settings = {ASSET_TAGS = (); }; };
		BDD5DBD91BC2DA66002090E3 /* AppDelegate.swift in Sources */ = {isa = PBXBuildFile; fileRef = BDD5DBD81BC2DA66002090E3 /* AppDelegate.swift */; };
		BDD5DBDE1BC2DA66002090E3 /* Main.storyboard in Resources */ = {isa = PBXBuildFile; fileRef = BDD5DBDC1BC2DA66002090E3 /* Main.storyboard */; };
		BDD5DBE01BC2DA66002090E3 /* Assets.xcassets in Resources */ = {isa = PBXBuildFile; fileRef = BDD5DBDF1BC2DA66002090E3 /* Assets.xcassets */; };
		BDD5DBE31BC2DA66002090E3 /* LaunchScreen.storyboard in Resources */ = {isa = PBXBuildFile; fileRef = BDD5DBE11BC2DA66002090E3 /* LaunchScreen.storyboard */; };
		BDD5DBEB1BC2E5BF002090E3 /* EventsNearMeTableViewController.swift in Sources */ = {isa = PBXBuildFile; fileRef = BDD5DBEA1BC2E5BF002090E3 /* EventsNearMeTableViewController.swift */; settings = {ASSET_TAGS = (); }; };
		BDD5DBED1BC2E5F0002090E3 /* EventCell.swift in Sources */ = {isa = PBXBuildFile; fileRef = BDD5DBEC1BC2E5F0002090E3 /* EventCell.swift */; settings = {ASSET_TAGS = (); }; };
		BDD5DBEF1BC2E694002090E3 /* BadgeView.swift in Sources */ = {isa = PBXBuildFile; fileRef = BDD5DBEE1BC2E694002090E3 /* BadgeView.swift */; settings = {ASSET_TAGS = (); }; };
		BDD5DBF11BC2E8E6002090E3 /* Helper.swift in Sources */ = {isa = PBXBuildFile; fileRef = BDD5DBF01BC2E8E6002090E3 /* Helper.swift */; settings = {ASSET_TAGS = (); }; };
		BDD5DBF31BC2ED41002090E3 /* CircularImageView.swift in Sources */ = {isa = PBXBuildFile; fileRef = BDD5DBF21BC2ED41002090E3 /* CircularImageView.swift */; settings = {ASSET_TAGS = (); }; };
		BDD5DBF71BC2EFED002090E3 /* EventsNearMeNavigationController.swift in Sources */ = {isa = PBXBuildFile; fileRef = BDD5DBF61BC2EFED002090E3 /* EventsNearMeNavigationController.swift */; settings = {ASSET_TAGS = (); }; };
		BDD5DBF91BC2F541002090E3 /* EventDetailsViewController.swift in Sources */ = {isa = PBXBuildFile; fileRef = BDD5DBF81BC2F541002090E3 /* EventDetailsViewController.swift */; settings = {ASSET_TAGS = (); }; };
/* End PBXBuildFile section */

/* Begin PBXFileReference section */
		BD1A31521BC3472A00A791B9 /* CreateEventViewController.swift */ = {isa = PBXFileReference; fileEncoding = 4; lastKnownFileType = sourcecode.swift; path = CreateEventViewController.swift; sourceTree = "<group>"; };
		BDAA3B531BC420A500465A2B /* DateTableViewController.swift */ = {isa = PBXFileReference; fileEncoding = 4; lastKnownFileType = sourcecode.swift; path = DateTableViewController.swift; sourceTree = "<group>"; };
		BDAA3B551BC4609300465A2B /* AddPlayersTableViewController.swift */ = {isa = PBXFileReference; fileEncoding = 4; lastKnownFileType = sourcecode.swift; path = AddPlayersTableViewController.swift; sourceTree = "<group>"; };
		BDAA3B571BC460D300465A2B /* PlayerCell.swift */ = {isa = PBXFileReference; fileEncoding = 4; lastKnownFileType = sourcecode.swift; path = PlayerCell.swift; sourceTree = "<group>"; };
		BDD5DBD51BC2DA66002090E3 /* OrbitHub-Team.app */ = {isa = PBXFileReference; explicitFileType = wrapper.application; includeInIndex = 0; path = "OrbitHub-Team.app"; sourceTree = BUILT_PRODUCTS_DIR; };
		BDD5DBD81BC2DA66002090E3 /* AppDelegate.swift */ = {isa = PBXFileReference; lastKnownFileType = sourcecode.swift; path = AppDelegate.swift; sourceTree = "<group>"; };
		BDD5DBDD1BC2DA66002090E3 /* Base */ = {isa = PBXFileReference; lastKnownFileType = file.storyboard; name = Base; path = Base.lproj/Main.storyboard; sourceTree = "<group>"; };
		BDD5DBDF1BC2DA66002090E3 /* Assets.xcassets */ = {isa = PBXFileReference; lastKnownFileType = folder.assetcatalog; path = Assets.xcassets; sourceTree = "<group>"; };
		BDD5DBE21BC2DA66002090E3 /* Base */ = {isa = PBXFileReference; lastKnownFileType = file.storyboard; name = Base; path = Base.lproj/LaunchScreen.storyboard; sourceTree = "<group>"; };
		BDD5DBE41BC2DA66002090E3 /* Info.plist */ = {isa = PBXFileReference; lastKnownFileType = text.plist.xml; path = Info.plist; sourceTree = "<group>"; };
		BDD5DBEA1BC2E5BF002090E3 /* EventsNearMeTableViewController.swift */ = {isa = PBXFileReference; fileEncoding = 4; lastKnownFileType = sourcecode.swift; path = EventsNearMeTableViewController.swift; sourceTree = "<group>"; };
		BDD5DBEC1BC2E5F0002090E3 /* EventCell.swift */ = {isa = PBXFileReference; fileEncoding = 4; lastKnownFileType = sourcecode.swift; path = EventCell.swift; sourceTree = "<group>"; };
		BDD5DBEE1BC2E694002090E3 /* BadgeView.swift */ = {isa = PBXFileReference; fileEncoding = 4; lastKnownFileType = sourcecode.swift; path = BadgeView.swift; sourceTree = "<group>"; };
		BDD5DBF01BC2E8E6002090E3 /* Helper.swift */ = {isa = PBXFileReference; fileEncoding = 4; lastKnownFileType = sourcecode.swift; path = Helper.swift; sourceTree = "<group>"; };
		BDD5DBF21BC2ED41002090E3 /* CircularImageView.swift */ = {isa = PBXFileReference; fileEncoding = 4; lastKnownFileType = sourcecode.swift; path = CircularImageView.swift; sourceTree = "<group>"; };
		BDD5DBF61BC2EFED002090E3 /* EventsNearMeNavigationController.swift */ = {isa = PBXFileReference; fileEncoding = 4; lastKnownFileType = sourcecode.swift; path = EventsNearMeNavigationController.swift; sourceTree = "<group>"; };
		BDD5DBF81BC2F541002090E3 /* EventDetailsViewController.swift */ = {isa = PBXFileReference; fileEncoding = 4; lastKnownFileType = sourcecode.swift; path = EventDetailsViewController.swift; sourceTree = "<group>"; };
/* End PBXFileReference section */

/* Begin PBXFrameworksBuildPhase section */
		BDD5DBD21BC2DA66002090E3 /* Frameworks */ = {
			isa = PBXFrameworksBuildPhase;
			buildActionMask = 2147483647;
			files = (
			);
			runOnlyForDeploymentPostprocessing = 0;
		};
/* End PBXFrameworksBuildPhase section */

/* Begin PBXGroup section */
		BD1A31541BC3473200A791B9 /* Create Event */ = {
			isa = PBXGroup;
			children = (
				BD1A31521BC3472A00A791B9 /* CreateEventViewController.swift */,
				BDAA3B531BC420A500465A2B /* DateTableViewController.swift */,
				BDAA3B551BC4609300465A2B /* AddPlayersTableViewController.swift */,
				BDAA3B571BC460D300465A2B /* PlayerCell.swift */,
			);
			name = "Create Event";
			sourceTree = "<group>";
		};
		BDD5DBCC1BC2DA66002090E3 = {
			isa = PBXGroup;
			children = (
				BDD5DBD71BC2DA66002090E3 /* OrbitHub-Team */,
				BDD5DBD61BC2DA66002090E3 /* Products */,
			);
			sourceTree = "<group>";
		};
		BDD5DBD61BC2DA66002090E3 /* Products */ = {
			isa = PBXGroup;
			children = (
				BDD5DBD51BC2DA66002090E3 /* OrbitHub-Team.app */,
			);
			name = Products;
			sourceTree = "<group>";
		};
		BDD5DBD71BC2DA66002090E3 /* OrbitHub-Team */ = {
			isa = PBXGroup;
			children = (
				BDD5DBD81BC2DA66002090E3 /* AppDelegate.swift */,
				BDD5DBDC1BC2DA66002090E3 /* Main.storyboard */,
				BDD5DBF41BC2ED72002090E3 /* Model */,
				BDD5DBF51BC2ED7B002090E3 /* Events */,
				BDD5DBFA1BC2F547002090E3 /* Event Details */,
				BD1A31541BC3473200A791B9 /* Create Event */,
				BDD5DBDF1BC2DA66002090E3 /* Assets.xcassets */,
				BDD5DBE11BC2DA66002090E3 /* LaunchScreen.storyboard */,
				BDD5DBE41BC2DA66002090E3 /* Info.plist */,
			);
			path = "OrbitHub-Team";
			sourceTree = "<group>";
		};
		BDD5DBF41BC2ED72002090E3 /* Model */ = {
			isa = PBXGroup;
			children = (
				BDD5DBEE1BC2E694002090E3 /* BadgeView.swift */,
				BDD5DBF21BC2ED41002090E3 /* CircularImageView.swift */,
				BDD5DBF01BC2E8E6002090E3 /* Helper.swift */,
			);
			name = Model;
			sourceTree = "<group>";
		};
		BDD5DBF51BC2ED7B002090E3 /* Events */ = {
			isa = PBXGroup;
			children = (
				BDD5DBEC1BC2E5F0002090E3 /* EventCell.swift */,
				BDD5DBEA1BC2E5BF002090E3 /* EventsNearMeTableViewController.swift */,
				BDD5DBF61BC2EFED002090E3 /* EventsNearMeNavigationController.swift */,
			);
			name = Events;
			sourceTree = "<group>";
		};
		BDD5DBFA1BC2F547002090E3 /* Event Details */ = {
			isa = PBXGroup;
			children = (
				BDD5DBF81BC2F541002090E3 /* EventDetailsViewController.swift */,
			);
			name = "Event Details";
			sourceTree = "<group>";
		};
/* End PBXGroup section */

/* Begin PBXNativeTarget section */
		BDD5DBD41BC2DA66002090E3 /* OrbitHub-Team */ = {
			isa = PBXNativeTarget;
			buildConfigurationList = BDD5DBE71BC2DA66002090E3 /* Build configuration list for PBXNativeTarget "OrbitHub-Team" */;
			buildPhases = (
				BDD5DBD11BC2DA66002090E3 /* Sources */,
				BDD5DBD21BC2DA66002090E3 /* Frameworks */,
				BDD5DBD31BC2DA66002090E3 /* Resources */,
			);
			buildRules = (
			);
			dependencies = (
			);
			name = "OrbitHub-Team";
			productName = "OrbitHub-Team";
			productReference = BDD5DBD51BC2DA66002090E3 /* OrbitHub-Team.app */;
			productType = "com.apple.product-type.application";
		};
/* End PBXNativeTarget section */

/* Begin PBXProject section */
		BDD5DBCD1BC2DA66002090E3 /* Project object */ = {
			isa = PBXProject;
			attributes = {
				LastUpgradeCheck = 0700;
				ORGANIZATIONNAME = "OrbitHub Inc.";
				TargetAttributes = {
					BDD5DBD41BC2DA66002090E3 = {
						CreatedOnToolsVersion = 7.0.1;
					};
				};
			};
			buildConfigurationList = BDD5DBD01BC2DA66002090E3 /* Build configuration list for PBXProject "OrbitHub-Team" */;
			compatibilityVersion = "Xcode 3.2";
			developmentRegion = English;
			hasScannedForEncodings = 0;
			knownRegions = (
				en,
				Base,
			);
			mainGroup = BDD5DBCC1BC2DA66002090E3;
			productRefGroup = BDD5DBD61BC2DA66002090E3 /* Products */;
			projectDirPath = "";
			projectRoot = "";
			targets = (
				BDD5DBD41BC2DA66002090E3 /* OrbitHub-Team */,
			);
		};
/* End PBXProject section */

/* Begin PBXResourcesBuildPhase section */
		BDD5DBD31BC2DA66002090E3 /* Resources */ = {
			isa = PBXResourcesBuildPhase;
			buildActionMask = 2147483647;
			files = (
				BDD5DBE31BC2DA66002090E3 /* LaunchScreen.storyboard in Resources */,
				BDD5DBE01BC2DA66002090E3 /* Assets.xcassets in Resources */,
				BDD5DBDE1BC2DA66002090E3 /* Main.storyboard in Resources */,
			);
			runOnlyForDeploymentPostprocessing = 0;
		};
/* End PBXResourcesBuildPhase section */

/* Begin PBXSourcesBuildPhase section */
		BDD5DBD11BC2DA66002090E3 /* Sources */ = {
			isa = PBXSourcesBuildPhase;
			buildActionMask = 2147483647;
			files = (
				BDAA3B581BC460D300465A2B /* PlayerCell.swift in Sources */,
				BDD5DBF71BC2EFED002090E3 /* EventsNearMeNavigationController.swift in Sources */,
				BDD5DBEF1BC2E694002090E3 /* BadgeView.swift in Sources */,
				BDD5DBF31BC2ED41002090E3 /* CircularImageView.swift in Sources */,
				BDD5DBEB1BC2E5BF002090E3 /* EventsNearMeTableViewController.swift in Sources */,
				BDD5DBF91BC2F541002090E3 /* EventDetailsViewController.swift in Sources */,
				BDD5DBF11BC2E8E6002090E3 /* Helper.swift in Sources */,
				BDD5DBED1BC2E5F0002090E3 /* EventCell.swift in Sources */,
				BDAA3B541BC420A500465A2B /* DateTableViewController.swift in Sources */,
				BDAA3B561BC4609300465A2B /* AddPlayersTableViewController.swift in Sources */,
				BDD5DBD91BC2DA66002090E3 /* AppDelegate.swift in Sources */,
				BD1A31531BC3472A00A791B9 /* CreateEventViewController.swift in Sources */,
			);
			runOnlyForDeploymentPostprocessing = 0;
		};
/* End PBXSourcesBuildPhase section */

/* Begin PBXVariantGroup section */
		BDD5DBDC1BC2DA66002090E3 /* Main.storyboard */ = {
			isa = PBXVariantGroup;
			children = (
				BDD5DBDD1BC2DA66002090E3 /* Base */,
			);
			name = Main.storyboard;
			sourceTree = "<group>";
		};
		BDD5DBE11BC2DA66002090E3 /* LaunchScreen.storyboard */ = {
			isa = PBXVariantGroup;
			children = (
				BDD5DBE21BC2DA66002090E3 /* Base */,
			);
			name = LaunchScreen.storyboard;
			sourceTree = "<group>";
		};
/* End PBXVariantGroup section */

/* Begin XCBuildConfiguration section */
		BDD5DBE51BC2DA66002090E3 /* Debug */ = {
			isa = XCBuildConfiguration;
			buildSettings = {
				ALWAYS_SEARCH_USER_PATHS = NO;
				CLANG_CXX_LANGUAGE_STANDARD = "gnu++0x";
				CLANG_CXX_LIBRARY = "libc++";
				CLANG_ENABLE_MODULES = YES;
				CLANG_ENABLE_OBJC_ARC = YES;
				CLANG_WARN_BOOL_CONVERSION = YES;
				CLANG_WARN_CONSTANT_CONVERSION = YES;
				CLANG_WARN_DIRECT_OBJC_ISA_USAGE = YES_ERROR;
				CLANG_WARN_EMPTY_BODY = YES;
				CLANG_WARN_ENUM_CONVERSION = YES;
				CLANG_WARN_INT_CONVERSION = YES;
				CLANG_WARN_OBJC_ROOT_CLASS = YES_ERROR;
				CLANG_WARN_UNREACHABLE_CODE = YES;
				CLANG_WARN__DUPLICATE_METHOD_MATCH = YES;
				"CODE_SIGN_IDENTITY[sdk=iphoneos*]" = "iPhone Developer";
				COPY_PHASE_STRIP = NO;
				DEBUG_INFORMATION_FORMAT = dwarf;
				ENABLE_STRICT_OBJC_MSGSEND = YES;
				ENABLE_TESTABILITY = YES;
				GCC_C_LANGUAGE_STANDARD = gnu99;
				GCC_DYNAMIC_NO_PIC = NO;
				GCC_NO_COMMON_BLOCKS = YES;
				GCC_OPTIMIZATION_LEVEL = 0;
				GCC_PREPROCESSOR_DEFINITIONS = (
					"DEBUG=1",
					"$(inherited)",
				);
				GCC_WARN_64_TO_32_BIT_CONVERSION = YES;
				GCC_WARN_ABOUT_RETURN_TYPE = YES_ERROR;
				GCC_WARN_UNDECLARED_SELECTOR = YES;
				GCC_WARN_UNINITIALIZED_AUTOS = YES_AGGRESSIVE;
				GCC_WARN_UNUSED_FUNCTION = YES;
				GCC_WARN_UNUSED_VARIABLE = YES;
				IPHONEOS_DEPLOYMENT_TARGET = 9.0;
				MTL_ENABLE_DEBUG_INFO = YES;
				ONLY_ACTIVE_ARCH = YES;
				SDKROOT = iphoneos;
				SWIFT_OPTIMIZATION_LEVEL = "-Onone";
				TARGETED_DEVICE_FAMILY = "1,2";
			};
			name = Debug;
		};
		BDD5DBE61BC2DA66002090E3 /* Release */ = {
			isa = XCBuildConfiguration;
			buildSettings = {
				ALWAYS_SEARCH_USER_PATHS = NO;
				CLANG_CXX_LANGUAGE_STANDARD = "gnu++0x";
				CLANG_CXX_LIBRARY = "libc++";
				CLANG_ENABLE_MODULES = YES;
				CLANG_ENABLE_OBJC_ARC = YES;
				CLANG_WARN_BOOL_CONVERSION = YES;
				CLANG_WARN_CONSTANT_CONVERSION = YES;
				CLANG_WARN_DIRECT_OBJC_ISA_USAGE = YES_ERROR;
				CLANG_WARN_EMPTY_BODY = YES;
				CLANG_WARN_ENUM_CONVERSION = YES;
				CLANG_WARN_INT_CONVERSION = YES;
				CLANG_WARN_OBJC_ROOT_CLASS = YES_ERROR;
				CLANG_WARN_UNREACHABLE_CODE = YES;
				CLANG_WARN__DUPLICATE_METHOD_MATCH = YES;
				"CODE_SIGN_IDENTITY[sdk=iphoneos*]" = "iPhone Developer";
				COPY_PHASE_STRIP = NO;
				DEBUG_INFORMATION_FORMAT = "dwarf-with-dsym";
				ENABLE_NS_ASSERTIONS = NO;
				ENABLE_STRICT_OBJC_MSGSEND = YES;
				GCC_C_LANGUAGE_STANDARD = gnu99;
				GCC_NO_COMMON_BLOCKS = YES;
				GCC_WARN_64_TO_32_BIT_CONVERSION = YES;
				GCC_WARN_ABOUT_RETURN_TYPE = YES_ERROR;
				GCC_WARN_UNDECLARED_SELECTOR = YES;
				GCC_WARN_UNINITIALIZED_AUTOS = YES_AGGRESSIVE;
				GCC_WARN_UNUSED_FUNCTION = YES;
				GCC_WARN_UNUSED_VARIABLE = YES;
				IPHONEOS_DEPLOYMENT_TARGET = 9.0;
				MTL_ENABLE_DEBUG_INFO = NO;
				SDKROOT = iphoneos;
				TARGETED_DEVICE_FAMILY = "1,2";
				VALIDATE_PRODUCT = YES;
			};
			name = Release;
		};
		BDD5DBE81BC2DA66002090E3 /* Debug */ = {
			isa = XCBuildConfiguration;
			buildSettings = {
				ASSETCATALOG_COMPILER_APPICON_NAME = AppIcon;
				INFOPLIST_FILE = "OrbitHub-Team/Info.plist";
				IPHONEOS_DEPLOYMENT_TARGET = 8.0;
				LD_RUNPATH_SEARCH_PATHS = "$(inherited) @executable_path/Frameworks";
				PRODUCT_BUNDLE_IDENTIFIER = "com.apps.OrbitHub-Team";
				PRODUCT_NAME = "$(TARGET_NAME)";
				TARGETED_DEVICE_FAMILY = 2;
			};
			name = Debug;
		};
		BDD5DBE91BC2DA66002090E3 /* Release */ = {
			isa = XCBuildConfiguration;
			buildSettings = {
				ASSETCATALOG_COMPILER_APPICON_NAME = AppIcon;
				INFOPLIST_FILE = "OrbitHub-Team/Info.plist";
				IPHONEOS_DEPLOYMENT_TARGET = 8.0;
				LD_RUNPATH_SEARCH_PATHS = "$(inherited) @executable_path/Frameworks";
				PRODUCT_BUNDLE_IDENTIFIER = "com.apps.OrbitHub-Team";
				PRODUCT_NAME = "$(TARGET_NAME)";
				TARGETED_DEVICE_FAMILY = 2;
			};
			name = Release;
		};
/* End XCBuildConfiguration section */

/* Begin XCConfigurationList section */
		BDD5DBD01BC2DA66002090E3 /* Build configuration list for PBXProject "OrbitHub-Team" */ = {
			isa = XCConfigurationList;
			buildConfigurations = (
				BDD5DBE51BC2DA66002090E3 /* Debug */,
				BDD5DBE61BC2DA66002090E3 /* Release */,
			);
			defaultConfigurationIsVisible = 0;
			defaultConfigurationName = Release;
		};
		BDD5DBE71BC2DA66002090E3 /* Build configuration list for PBXNativeTarget "OrbitHub-Team" */ = {
			isa = XCConfigurationList;
			buildConfigurations = (
				BDD5DBE81BC2DA66002090E3 /* Debug */,
				BDD5DBE91BC2DA66002090E3 /* Release */,
			);
			defaultConfigurationIsVisible = 0;
			defaultConfigurationName = Release;
		};
/* End XCConfigurationList section */
	};
	rootObject = BDD5DBCD1BC2DA66002090E3 /* Project object */;
}
